// !$*UTF8*$!
{
	archiveVersion = 1;
	classes = {
	};
	objectVersion = 56;
	objects = {

/* Begin PBXBuildFile section */
		A76C7B3729D0AEBB00C3C23E /* AppDelegate.swift in Sources */ = {isa = PBXBuildFile; fileRef = A76C7B3629D0AEBB00C3C23E /* AppDelegate.swift */; };
		A76C7B3929D0AEBB00C3C23E /* SceneDelegate.swift in Sources */ = {isa = PBXBuildFile; fileRef = A76C7B3829D0AEBB00C3C23E /* SceneDelegate.swift */; };
		A76C7B4029D0AEBC00C3C23E /* Assets.xcassets in Resources */ = {isa = PBXBuildFile; fileRef = A76C7B3F29D0AEBC00C3C23E /* Assets.xcassets */; };
		A76C7B4329D0AEBC00C3C23E /* LaunchScreen.storyboard in Resources */ = {isa = PBXBuildFile; fileRef = A76C7B4129D0AEBC00C3C23E /* LaunchScreen.storyboard */; };
		A76C7B5229D0B00C00C3C23E /* MainTabController.swift in Sources */ = {isa = PBXBuildFile; fileRef = A76C7B5129D0B00C00C3C23E /* MainTabController.swift */; };
		A76C7B5429D0B13B00C3C23E /* FeedController.swift in Sources */ = {isa = PBXBuildFile; fileRef = A76C7B5329D0B13B00C3C23E /* FeedController.swift */; };
		A76C7B5629D0B14600C3C23E /* SearchController.swift in Sources */ = {isa = PBXBuildFile; fileRef = A76C7B5529D0B14600C3C23E /* SearchController.swift */; };
		A76C7B5829D0B15400C3C23E /* ImageSelectorController.swift in Sources */ = {isa = PBXBuildFile; fileRef = A76C7B5729D0B15400C3C23E /* ImageSelectorController.swift */; };
		A76C7B5A29D0B15F00C3C23E /* NotificationController.swift in Sources */ = {isa = PBXBuildFile; fileRef = A76C7B5929D0B15F00C3C23E /* NotificationController.swift */; };
		A76C7B5C29D0B16500C3C23E /* ProfileController.swift in Sources */ = {isa = PBXBuildFile; fileRef = A76C7B5B29D0B16500C3C23E /* ProfileController.swift */; };
/* End PBXBuildFile section */

/* Begin PBXFileReference section */
		A76C7B3329D0AEBB00C3C23E /* InstagramClone.app */ = {isa = PBXFileReference; explicitFileType = wrapper.application; includeInIndex = 0; path = InstagramClone.app; sourceTree = BUILT_PRODUCTS_DIR; };
		A76C7B3629D0AEBB00C3C23E /* AppDelegate.swift */ = {isa = PBXFileReference; lastKnownFileType = sourcecode.swift; path = AppDelegate.swift; sourceTree = "<group>"; };
		A76C7B3829D0AEBB00C3C23E /* SceneDelegate.swift */ = {isa = PBXFileReference; lastKnownFileType = sourcecode.swift; path = SceneDelegate.swift; sourceTree = "<group>"; };
		A76C7B3F29D0AEBC00C3C23E /* Assets.xcassets */ = {isa = PBXFileReference; lastKnownFileType = folder.assetcatalog; path = Assets.xcassets; sourceTree = "<group>"; };
		A76C7B4229D0AEBC00C3C23E /* Base */ = {isa = PBXFileReference; lastKnownFileType = file.storyboard; name = Base; path = Base.lproj/LaunchScreen.storyboard; sourceTree = "<group>"; };
		A76C7B4429D0AEBC00C3C23E /* Info.plist */ = {isa = PBXFileReference; lastKnownFileType = text.plist.xml; path = Info.plist; sourceTree = "<group>"; };
		A76C7B5129D0B00C00C3C23E /* MainTabController.swift */ = {isa = PBXFileReference; lastKnownFileType = sourcecode.swift; path = MainTabController.swift; sourceTree = "<group>"; };
		A76C7B5329D0B13B00C3C23E /* FeedController.swift */ = {isa = PBXFileReference; lastKnownFileType = sourcecode.swift; path = FeedController.swift; sourceTree = "<group>"; };
		A76C7B5529D0B14600C3C23E /* SearchController.swift */ = {isa = PBXFileReference; lastKnownFileType = sourcecode.swift; path = SearchController.swift; sourceTree = "<group>"; };
		A76C7B5729D0B15400C3C23E /* ImageSelectorController.swift */ = {isa = PBXFileReference; lastKnownFileType = sourcecode.swift; path = ImageSelectorController.swift; sourceTree = "<group>"; };
		A76C7B5929D0B15F00C3C23E /* NotificationController.swift */ = {isa = PBXFileReference; lastKnownFileType = sourcecode.swift; path = NotificationController.swift; sourceTree = "<group>"; };
		A76C7B5B29D0B16500C3C23E /* ProfileController.swift */ = {isa = PBXFileReference; lastKnownFileType = sourcecode.swift; path = ProfileController.swift; sourceTree = "<group>"; };
/* End PBXFileReference section */

/* Begin PBXFrameworksBuildPhase section */
		A76C7B3029D0AEBB00C3C23E /* Frameworks */ = {
			isa = PBXFrameworksBuildPhase;
			buildActionMask = 2147483647;
			files = (
			);
			runOnlyForDeploymentPostprocessing = 0;
		};
/* End PBXFrameworksBuildPhase section */

/* Begin PBXGroup section */
		A76C7B2A29D0AEBB00C3C23E = {
			isa = PBXGroup;
			children = (
				A76C7B3529D0AEBB00C3C23E /* InstagramClone */,
				A76C7B3429D0AEBB00C3C23E /* Products */,
			);
			sourceTree = "<group>";
		};
		A76C7B3429D0AEBB00C3C23E /* Products */ = {
			isa = PBXGroup;
			children = (
				A76C7B3329D0AEBB00C3C23E /* InstagramClone.app */,
			);
			name = Products;
			sourceTree = "<group>";
		};
		A76C7B3529D0AEBB00C3C23E /* InstagramClone */ = {
			isa = PBXGroup;
			children = (
				A76C7B4F29D0AF9200C3C23E /* Model */,
				A76C7B4E29D0AF9000C3C23E /* View */,
				A76C7B4D29D0AF8F00C3C23E /* ViewModel */,
				A76C7B4C29D0AF8D00C3C23E /* Controller */,
				A76C7B4A29D0AF8400C3C23E /* API */,
				A76C7B5029D0AFB400C3C23E /* Utils */,
				A76C7B3629D0AEBB00C3C23E /* AppDelegate.swift */,
				A76C7B3829D0AEBB00C3C23E /* SceneDelegate.swift */,
				A76C7B3F29D0AEBC00C3C23E /* Assets.xcassets */,
				A76C7B4129D0AEBC00C3C23E /* LaunchScreen.storyboard */,
				A76C7B4429D0AEBC00C3C23E /* Info.plist */,
			);
			path = InstagramClone;
			sourceTree = "<group>";
		};
		A76C7B4A29D0AF8400C3C23E /* API */ = {
			isa = PBXGroup;
			children = (
			);
			path = API;
			sourceTree = "<group>";
		};
		A76C7B4C29D0AF8D00C3C23E /* Controller */ = {
			isa = PBXGroup;
			children = (
				A76C7B5129D0B00C00C3C23E /* MainTabController.swift */,
				A76C7B5329D0B13B00C3C23E /* FeedController.swift */,
				A76C7B5529D0B14600C3C23E /* SearchController.swift */,
				A76C7B5729D0B15400C3C23E /* ImageSelectorController.swift */,
				A76C7B5929D0B15F00C3C23E /* NotificationController.swift */,
				A76C7B5B29D0B16500C3C23E /* ProfileController.swift */,
			);
			path = Controller;
			sourceTree = "<group>";
		};
		A76C7B4D29D0AF8F00C3C23E /* ViewModel */ = {
			isa = PBXGroup;
			children = (
			);
			path = ViewModel;
			sourceTree = "<group>";
		};
		A76C7B4E29D0AF9000C3C23E /* View */ = {
			isa = PBXGroup;
			children = (
			);
			path = View;
			sourceTree = "<group>";
		};
		A76C7B4F29D0AF9200C3C23E /* Model */ = {
			isa = PBXGroup;
			children = (
			);
			path = Model;
			sourceTree = "<group>";
		};
		A76C7B5029D0AFB400C3C23E /* Utils */ = {
			isa = PBXGroup;
			children = (
			);
			path = Utils;
			sourceTree = "<group>";
		};
/* End PBXGroup section */

/* Begin PBXNativeTarget section */
		A76C7B3229D0AEBB00C3C23E /* InstagramClone */ = {
			isa = PBXNativeTarget;
			buildConfigurationList = A76C7B4729D0AEBC00C3C23E /* Build configuration list for PBXNativeTarget "InstagramClone" */;
			buildPhases = (
				A76C7B2F29D0AEBB00C3C23E /* Sources */,
				A76C7B3029D0AEBB00C3C23E /* Frameworks */,
				A76C7B3129D0AEBB00C3C23E /* Resources */,
			);
			buildRules = (
			);
			dependencies = (
			);
			name = InstagramClone;
			productName = InstagramClone;
			productReference = A76C7B3329D0AEBB00C3C23E /* InstagramClone.app */;
			productType = "com.apple.product-type.application";
		};
/* End PBXNativeTarget section */

/* Begin PBXProject section */
		A76C7B2B29D0AEBB00C3C23E /* Project object */ = {
			isa = PBXProject;
			attributes = {
				BuildIndependentTargetsInParallel = 1;
				LastSwiftUpdateCheck = 1420;
				LastUpgradeCheck = 1420;
				TargetAttributes = {
					A76C7B3229D0AEBB00C3C23E = {
						CreatedOnToolsVersion = 14.2;
					};
				};
			};
			buildConfigurationList = A76C7B2E29D0AEBB00C3C23E /* Build configuration list for PBXProject "InstagramClone" */;
			compatibilityVersion = "Xcode 14.0";
			developmentRegion = en;
			hasScannedForEncodings = 0;
			knownRegions = (
				en,
				Base,
			);
			mainGroup = A76C7B2A29D0AEBB00C3C23E;
			productRefGroup = A76C7B3429D0AEBB00C3C23E /* Products */;
			projectDirPath = "";
			projectRoot = "";
			targets = (
				A76C7B3229D0AEBB00C3C23E /* InstagramClone */,
			);
		};
/* End PBXProject section */

/* Begin PBXResourcesBuildPhase section */
		A76C7B3129D0AEBB00C3C23E /* Resources */ = {
			isa = PBXResourcesBuildPhase;
			buildActionMask = 2147483647;
			files = (
				A76C7B4329D0AEBC00C3C23E /* LaunchScreen.storyboard in Resources */,
				A76C7B4029D0AEBC00C3C23E /* Assets.xcassets in Resources */,
			);
			runOnlyForDeploymentPostprocessing = 0;
		};
/* End PBXResourcesBuildPhase section */

/* Begin PBXSourcesBuildPhase section */
		A76C7B2F29D0AEBB00C3C23E /* Sources */ = {
			isa = PBXSourcesBuildPhase;
			buildActionMask = 2147483647;
			files = (
				A76C7B3729D0AEBB00C3C23E /* AppDelegate.swift in Sources */,
				A76C7B5629D0B14600C3C23E /* SearchController.swift in Sources */,
				A76C7B3929D0AEBB00C3C23E /* SceneDelegate.swift in Sources */,
				A76C7B5A29D0B15F00C3C23E /* NotificationController.swift in Sources */,
				A76C7B5229D0B00C00C3C23E /* MainTabController.swift in Sources */,
				A76C7B5829D0B15400C3C23E /* ImageSelectorController.swift in Sources */,
				A76C7B5429D0B13B00C3C23E /* FeedController.swift in Sources */,
				A76C7B5C29D0B16500C3C23E /* ProfileController.swift in Sources */,
			);
			runOnlyForDeploymentPostprocessing = 0;
		};
/* End PBXSourcesBuildPhase section */

/* Begin PBXVariantGroup section */
		A76C7B4129D0AEBC00C3C23E /* LaunchScreen.storyboard */ = {
			isa = PBXVariantGroup;
			children = (
				A76C7B4229D0AEBC00C3C23E /* Base */,
			);
			name = LaunchScreen.storyboard;
			sourceTree = "<group>";
		};
/* End PBXVariantGroup section */

/* Begin XCBuildConfiguration section */
		A76C7B4529D0AEBC00C3C23E /* Debug */ = {
			isa = XCBuildConfiguration;
			buildSettings = {
				ALWAYS_SEARCH_USER_PATHS = NO;
				CLANG_ANALYZER_NONNULL = YES;
				CLANG_ANALYZER_NUMBER_OBJECT_CONVERSION = YES_AGGRESSIVE;
				CLANG_CXX_LANGUAGE_STANDARD = "gnu++20";
				CLANG_ENABLE_MODULES = YES;
				CLANG_ENABLE_OBJC_ARC = YES;
				CLANG_ENABLE_OBJC_WEAK = YES;
				CLANG_WARN_BLOCK_CAPTURE_AUTORELEASING = YES;
				CLANG_WARN_BOOL_CONVERSION = YES;
				CLANG_WARN_COMMA = YES;
				CLANG_WARN_CONSTANT_CONVERSION = YES;
				CLANG_WARN_DEPRECATED_OBJC_IMPLEMENTATIONS = YES;
				CLANG_WARN_DIRECT_OBJC_ISA_USAGE = YES_ERROR;
				CLANG_WARN_DOCUMENTATION_COMMENTS = YES;
				CLANG_WARN_EMPTY_BODY = YES;
				CLANG_WARN_ENUM_CONVERSION = YES;
				CLANG_WARN_INFINITE_RECURSION = YES;
				CLANG_WARN_INT_CONVERSION = YES;
				CLANG_WARN_NON_LITERAL_NULL_CONVERSION = YES;
				CLANG_WARN_OBJC_IMPLICIT_RETAIN_SELF = YES;
				CLANG_WARN_OBJC_LITERAL_CONVERSION = YES;
				CLANG_WARN_OBJC_ROOT_CLASS = YES_ERROR;
				CLANG_WARN_QUOTED_INCLUDE_IN_FRAMEWORK_HEADER = YES;
				CLANG_WARN_RANGE_LOOP_ANALYSIS = YES;
				CLANG_WARN_STRICT_PROTOTYPES = YES;
				CLANG_WARN_SUSPICIOUS_MOVE = YES;
				CLANG_WARN_UNGUARDED_AVAILABILITY = YES_AGGRESSIVE;
				CLANG_WARN_UNREACHABLE_CODE = YES;
				CLANG_WARN__DUPLICATE_METHOD_MATCH = YES;
				COPY_PHASE_STRIP = NO;
				DEBUG_INFORMATION_FORMAT = dwarf;
				ENABLE_STRICT_OBJC_MSGSEND = YES;
				ENABLE_TESTABILITY = YES;
				GCC_C_LANGUAGE_STANDARD = gnu11;
				GCC_DYNAMIC_NO_PIC = NO;
				GCC_NO_COMMON_BLOCKS = YES;
				GCC_OPTIMIZATION_LEVEL = 0;
				GCC_PREPROCESSOR_DEFINITIONS = (
					"DEBUG=1",
					"$(inherited)",
				);
				GCC_WARN_64_TO_32_BIT_CONVERSION = YES;
				GCC_WARN_ABOUT_RETURN_TYPE = YES_ERROR;
				GCC_WARN_UNDECLARED_SELECTOR = YES;
				GCC_WARN_UNINITIALIZED_AUTOS = YES_AGGRESSIVE;
				GCC_WARN_UNUSED_FUNCTION = YES;
				GCC_WARN_UNUSED_VARIABLE = YES;
				IPHONEOS_DEPLOYMENT_TARGET = 16.2;
				MTL_ENABLE_DEBUG_INFO = INCLUDE_SOURCE;
				MTL_FAST_MATH = YES;
				ONLY_ACTIVE_ARCH = YES;
				SDKROOT = iphoneos;
				SWIFT_ACTIVE_COMPILATION_CONDITIONS = DEBUG;
				SWIFT_OPTIMIZATION_LEVEL = "-Onone";
			};
			name = Debug;
		};
		A76C7B4629D0AEBC00C3C23E /* Release */ = {
			isa = XCBuildConfiguration;
			buildSettings = {
				ALWAYS_SEARCH_USER_PATHS = NO;
				CLANG_ANALYZER_NONNULL = YES;
				CLANG_ANALYZER_NUMBER_OBJECT_CONVERSION = YES_AGGRESSIVE;
				CLANG_CXX_LANGUAGE_STANDARD = "gnu++20";
				CLANG_ENABLE_MODULES = YES;
				CLANG_ENABLE_OBJC_ARC = YES;
				CLANG_ENABLE_OBJC_WEAK = YES;
				CLANG_WARN_BLOCK_CAPTURE_AUTORELEASING = YES;
				CLANG_WARN_BOOL_CONVERSION = YES;
				CLANG_WARN_COMMA = YES;
				CLANG_WARN_CONSTANT_CONVERSION = YES;
				CLANG_WARN_DEPRECATED_OBJC_IMPLEMENTATIONS = YES;
				CLANG_WARN_DIRECT_OBJC_ISA_USAGE = YES_ERROR;
				CLANG_WARN_DOCUMENTATION_COMMENTS = YES;
				CLANG_WARN_EMPTY_BODY = YES;
				CLANG_WARN_ENUM_CONVERSION = YES;
				CLANG_WARN_INFINITE_RECURSION = YES;
				CLANG_WARN_INT_CONVERSION = YES;
				CLANG_WARN_NON_LITERAL_NULL_CONVERSION = YES;
				CLANG_WARN_OBJC_IMPLICIT_RETAIN_SELF = YES;
				CLANG_WARN_OBJC_LITERAL_CONVERSION = YES;
				CLANG_WARN_OBJC_ROOT_CLASS = YES_ERROR;
				CLANG_WARN_QUOTED_INCLUDE_IN_FRAMEWORK_HEADER = YES;
				CLANG_WARN_RANGE_LOOP_ANALYSIS = YES;
				CLANG_WARN_STRICT_PROTOTYPES = YES;
				CLANG_WARN_SUSPICIOUS_MOVE = YES;
				CLANG_WARN_UNGUARDED_AVAILABILITY = YES_AGGRESSIVE;
				CLANG_WARN_UNREACHABLE_CODE = YES;
				CLANG_WARN__DUPLICATE_METHOD_MATCH = YES;
				COPY_PHASE_STRIP = NO;
				DEBUG_INFORMATION_FORMAT = "dwarf-with-dsym";
				ENABLE_NS_ASSERTIONS = NO;
				ENABLE_STRICT_OBJC_MSGSEND = YES;
				GCC_C_LANGUAGE_STANDARD = gnu11;
				GCC_NO_COMMON_BLOCKS = YES;
				GCC_WARN_64_TO_32_BIT_CONVERSION = YES;
				GCC_WARN_ABOUT_RETURN_TYPE = YES_ERROR;
				GCC_WARN_UNDECLARED_SELECTOR = YES;
				GCC_WARN_UNINITIALIZED_AUTOS = YES_AGGRESSIVE;
				GCC_WARN_UNUSED_FUNCTION = YES;
				GCC_WARN_UNUSED_VARIABLE = YES;
				IPHONEOS_DEPLOYMENT_TARGET = 16.2;
				MTL_ENABLE_DEBUG_INFO = NO;
				MTL_FAST_MATH = YES;
				SDKROOT = iphoneos;
				SWIFT_COMPILATION_MODE = wholemodule;
				SWIFT_OPTIMIZATION_LEVEL = "-O";
				VALIDATE_PRODUCT = YES;
			};
			name = Release;
		};
		A76C7B4829D0AEBC00C3C23E /* Debug */ = {
			isa = XCBuildConfiguration;
			buildSettings = {
				ASSETCATALOG_COMPILER_APPICON_NAME = AppIcon;
				ASSETCATALOG_COMPILER_GLOBAL_ACCENT_COLOR_NAME = AccentColor;
				CODE_SIGN_STYLE = Automatic;
				CURRENT_PROJECT_VERSION = 1;
				DEVELOPMENT_TEAM = 43X8U5HZ8Y;
				GENERATE_INFOPLIST_FILE = YES;
				INFOPLIST_FILE = InstagramClone/Info.plist;
				INFOPLIST_KEY_UIApplicationSupportsIndirectInputEvents = YES;
				INFOPLIST_KEY_UILaunchStoryboardName = LaunchScreen;
				INFOPLIST_KEY_UISupportedInterfaceOrientations_iPad = "UIInterfaceOrientationPortrait UIInterfaceOrientationPortraitUpsideDown UIInterfaceOrientationLandscapeLeft UIInterfaceOrientationLandscapeRight";
				INFOPLIST_KEY_UISupportedInterfaceOrientations_iPhone = "UIInterfaceOrientationPortrait UIInterfaceOrientationLandscapeLeft UIInterfaceOrientationLandscapeRight";
				LD_RUNPATH_SEARCH_PATHS = (
					"$(inherited)",
					"@executable_path/Frameworks",
				);
				MARKETING_VERSION = 1.0;
				PRODUCT_BUNDLE_IDENTIFIER = com.vadimkononenko.InstagramClone;
				PRODUCT_NAME = "$(TARGET_NAME)";
				SWIFT_EMIT_LOC_STRINGS = YES;
				SWIFT_VERSION = 5.0;
				TARGETED_DEVICE_FAMILY = "1,2";
			};
			name = Debug;
		};
		A76C7B4929D0AEBC00C3C23E /* Release */ = {
			isa = XCBuildConfiguration;
			buildSettings = {
				ASSETCATALOG_COMPILER_APPICON_NAME = AppIcon;
				ASSETCATALOG_COMPILER_GLOBAL_ACCENT_COLOR_NAME = AccentColor;
				CODE_SIGN_STYLE = Automatic;
				CURRENT_PROJECT_VERSION = 1;
				DEVELOPMENT_TEAM = 43X8U5HZ8Y;
				GENERATE_INFOPLIST_FILE = YES;
				INFOPLIST_FILE = InstagramClone/Info.plist;
				INFOPLIST_KEY_UIApplicationSupportsIndirectInputEvents = YES;
				INFOPLIST_KEY_UILaunchStoryboardName = LaunchScreen;
				INFOPLIST_KEY_UISupportedInterfaceOrientations_iPad = "UIInterfaceOrientationPortrait UIInterfaceOrientationPortraitUpsideDown UIInterfaceOrientationLandscapeLeft UIInterfaceOrientationLandscapeRight";
				INFOPLIST_KEY_UISupportedInterfaceOrientations_iPhone = "UIInterfaceOrientationPortrait UIInterfaceOrientationLandscapeLeft UIInterfaceOrientationLandscapeRight";
				LD_RUNPATH_SEARCH_PATHS = (
					"$(inherited)",
					"@executable_path/Frameworks",
				);
				MARKETING_VERSION = 1.0;
				PRODUCT_BUNDLE_IDENTIFIER = com.vadimkononenko.InstagramClone;
				PRODUCT_NAME = "$(TARGET_NAME)";
				SWIFT_EMIT_LOC_STRINGS = YES;
				SWIFT_VERSION = 5.0;
				TARGETED_DEVICE_FAMILY = "1,2";
			};
			name = Release;
		};
/* End XCBuildConfiguration section */

/* Begin XCConfigurationList section */
		A76C7B2E29D0AEBB00C3C23E /* Build configuration list for PBXProject "InstagramClone" */ = {
			isa = XCConfigurationList;
			buildConfigurations = (
				A76C7B4529D0AEBC00C3C23E /* Debug */,
				A76C7B4629D0AEBC00C3C23E /* Release */,
			);
			defaultConfigurationIsVisible = 0;
			defaultConfigurationName = Release;
		};
		A76C7B4729D0AEBC00C3C23E /* Build configuration list for PBXNativeTarget "InstagramClone" */ = {
			isa = XCConfigurationList;
			buildConfigurations = (
				A76C7B4829D0AEBC00C3C23E /* Debug */,
				A76C7B4929D0AEBC00C3C23E /* Release */,
			);
			defaultConfigurationIsVisible = 0;
			defaultConfigurationName = Release;
		};
/* End XCConfigurationList section */
	};
	rootObject = A76C7B2B29D0AEBB00C3C23E /* Project object */;
}
